
Microsoft Visual Studio Solution File, Format Version 12.00
# Visual Studio Version 17
VisualStudioVersion = 17.11.35303.130
MinimumVisualStudioVersion = 10.0.40219.1
Project("{9A19103F-16F7-4668-BE54-9A1E7A4F7556}") = "RealEstateInvestment", "RealEstateInvestment\RealEstateInvestment.csproj", "{7E698D3B-3DE3-4E0B-9E3B-40B154898792}"
EndProject
Global
	GlobalSection(SolutionConfigurationPlatforms) = preSolution
		Debug|Any CPU = Debug|Any CPU
		Release|Any CPU = Release|Any CPU
	EndGlobalSection
	GlobalSection(ProjectConfigurationPlatforms) = postSolution
		{7E698D3B-3DE3-4E0B-9E3B-40B154898792}.Debug|Any CPU.ActiveCfg = Debug|Any CPU
		{7E698D3B-3DE3-4E0B-9E3B-40B154898792}.Debug|Any CPU.Build.0 = Debug|Any CPU
		{7E698D3B-3DE3-4E0B-9E3B-40B154898792}.Release|Any CPU.ActiveCfg = Release|Any CPU
		{7E698D3B-3DE3-4E0B-9E3B-40B154898792}.Release|Any CPU.Build.0 = Release|Any CPU
	EndGlobalSection
	GlobalSection(SolutionProperties) = preSolution
		HideSolutionNode = FALSE
	EndGlobalSection
	GlobalSection(ExtensibilityGlobals) = postSolution
		SolutionGuid = {AD5024EA-3E21-4FCF-86C8-E465DA5D89D0}
	EndGlobalSection
EndGlobal
